// !$*UTF8*$!
{
	archiveVersion = 1;
	classes = {
	};
	objectVersion = 46;
	objects = {

/* Begin PBXBuildFile section */
		1F2C0CB01E4B93810008C4AD /* AppDelegate.swift in Sources */ = {isa = PBXBuildFile; fileRef = 1F2C0CAF1E4B93810008C4AD /* AppDelegate.swift */; };
		1F2C0CB21E4B93820008C4AD /* ViewController.swift in Sources */ = {isa = PBXBuildFile; fileRef = 1F2C0CB11E4B93820008C4AD /* ViewController.swift */; };
		1F2C0CB51E4B93830008C4AD /* Main.storyboard in Resources */ = {isa = PBXBuildFile; fileRef = 1F2C0CB31E4B93830008C4AD /* Main.storyboard */; };
		1F2C0CB71E4B93840008C4AD /* Assets.xcassets in Resources */ = {isa = PBXBuildFile; fileRef = 1F2C0CB61E4B93840008C4AD /* Assets.xcassets */; };
		1F2C0CBA1E4B93840008C4AD /* LaunchScreen.storyboard in Resources */ = {isa = PBXBuildFile; fileRef = 1F2C0CB81E4B93840008C4AD /* LaunchScreen.storyboard */; };
/* End PBXBuildFile section */

/* Begin PBXFileReference section */
		1F2C0CAC1E4B93810008C4AD /* Pic-Key.app */ = {isa = PBXFileReference; explicitFileType = wrapper.application; includeInIndex = 0; path = "Pic-Key.app"; sourceTree = BUILT_PRODUCTS_DIR; };
		1F2C0CAF1E4B93810008C4AD /* AppDelegate.swift */ = {isa = PBXFileReference; lastKnownFileType = sourcecode.swift; path = AppDelegate.swift; sourceTree = "<group>"; };
		1F2C0CB11E4B93820008C4AD /* ViewController.swift */ = {isa = PBXFileReference; lastKnownFileType = sourcecode.swift; path = ViewController.swift; sourceTree = "<group>"; };
		1F2C0CB41E4B93830008C4AD /* Base */ = {isa = PBXFileReference; lastKnownFileType = file.storyboard; name = Base; path = Base.lproj/Main.storyboard; sourceTree = "<group>"; };
		1F2C0CB61E4B93840008C4AD /* Assets.xcassets */ = {isa = PBXFileReference; lastKnownFileType = folder.assetcatalog; path = Assets.xcassets; sourceTree = "<group>"; };
		1F2C0CB91E4B93840008C4AD /* Base */ = {isa = PBXFileReference; lastKnownFileType = file.storyboard; name = Base; path = Base.lproj/LaunchScreen.storyboard; sourceTree = "<group>"; };
		1F2C0CBB1E4B93840008C4AD /* Info.plist */ = {isa = PBXFileReference; lastKnownFileType = text.plist.xml; path = Info.plist; sourceTree = "<group>"; };
/* End PBXFileReference section */

/* Begin PBXFrameworksBuildPhase section */
		1F2C0CA91E4B93800008C4AD /* Frameworks */ = {
			isa = PBXFrameworksBuildPhase;
			buildActionMask = 2147483647;
			files = (
			);
			runOnlyForDeploymentPostprocessing = 0;
		};
/* End PBXFrameworksBuildPhase section */

/* Begin PBXGroup section */
		1F2C0CA31E4B93800008C4AD = {
			isa = PBXGroup;
			children = (
				1F2C0CAE1E4B93810008C4AD /* Pic-Key */,
				1F2C0CAD1E4B93810008C4AD /* Products */,
			);
			sourceTree = "<group>";
		};
		1F2C0CAD1E4B93810008C4AD /* Products */ = {
			isa = PBXGroup;
			children = (
				1F2C0CAC1E4B93810008C4AD /* Pic-Key.app */,
			);
			name = Products;
			sourceTree = "<group>";
		};
		1F2C0CAE1E4B93810008C4AD /* Pic-Key */ = {
			isa = PBXGroup;
			children = (
				1F2C0CAF1E4B93810008C4AD /* AppDelegate.swift */,
				1F2C0CB11E4B93820008C4AD /* ViewController.swift */,
				1F2C0CB31E4B93830008C4AD /* Main.storyboard */,
				1F2C0CB61E4B93840008C4AD /* Assets.xcassets */,
				1F2C0CB81E4B93840008C4AD /* LaunchScreen.storyboard */,
				1F2C0CBB1E4B93840008C4AD /* Info.plist */,
			);
			path = "Pic-Key";
			sourceTree = "<group>";
		};
/* End PBXGroup section */

/* Begin PBXNativeTarget section */
		1F2C0CAB1E4B93800008C4AD /* Pic-Key */ = {
			isa = PBXNativeTarget;
			buildConfigurationList = 1F2C0CBE1E4B93840008C4AD /* Build configuration list for PBXNativeTarget "Pic-Key" */;
			buildPhases = (
				1F2C0CA81E4B93800008C4AD /* Sources */,
				1F2C0CA91E4B93800008C4AD /* Frameworks */,
				1F2C0CAA1E4B93800008C4AD /* Resources */,
			);
			buildRules = (
			);
			dependencies = (
			);
			name = "Pic-Key";
			productName = "Pic-Key";
			productReference = 1F2C0CAC1E4B93810008C4AD /* Pic-Key.app */;
			productType = "com.apple.product-type.application";
		};
/* End PBXNativeTarget section */

/* Begin PBXProject section */
		1F2C0CA41E4B93800008C4AD /* Project object */ = {
			isa = PBXProject;
			attributes = {
				LastSwiftUpdateCheck = 0820;
				LastUpgradeCheck = 0820;
				ORGANIZATIONNAME = "Siddharth Patel";
				TargetAttributes = {
					1F2C0CAB1E4B93800008C4AD = {
						CreatedOnToolsVersion = 8.2.1;
						ProvisioningStyle = Automatic;
					};
				};
			};
			buildConfigurationList = 1F2C0CA71E4B93800008C4AD /* Build configuration list for PBXProject "Pic-Key" */;
			compatibilityVersion = "Xcode 3.2";
			developmentRegion = English;
			hasScannedForEncodings = 0;
			knownRegions = (
				en,
				Base,
			);
			mainGroup = 1F2C0CA31E4B93800008C4AD;
			productRefGroup = 1F2C0CAD1E4B93810008C4AD /* Products */;
			projectDirPath = "";
			projectRoot = "";
			targets = (
				1F2C0CAB1E4B93800008C4AD /* Pic-Key */,
			);
		};
/* End PBXProject section */

/* Begin PBXResourcesBuildPhase section */
		1F2C0CAA1E4B93800008C4AD /* Resources */ = {
			isa = PBXResourcesBuildPhase;
			buildActionMask = 2147483647;
			files = (
				1F2C0CBA1E4B93840008C4AD /* LaunchScreen.storyboard in Resources */,
				1F2C0CB71E4B93840008C4AD /* Assets.xcassets in Resources */,
				1F2C0CB51E4B93830008C4AD /* Main.storyboard in Resources */,
			);
			runOnlyForDeploymentPostprocessing = 0;
		};
/* End PBXResourcesBuildPhase section */

/* Begin PBXSourcesBuildPhase section */
		1F2C0CA81E4B93800008C4AD /* Sources */ = {
			isa = PBXSourcesBuildPhase;
			buildActionMask = 2147483647;
			files = (
				1F2C0CB21E4B93820008C4AD /* ViewController.swift in Sources */,
				1F2C0CB01E4B93810008C4AD /* AppDelegate.swift in Sources */,
			);
			runOnlyForDeploymentPostprocessing = 0;
		};
/* End PBXSourcesBuildPhase section */

/* Begin PBXVariantGroup section */
		1F2C0CB31E4B93830008C4AD /* Main.storyboard */ = {
			isa = PBXVariantGroup;
			children = (
				1F2C0CB41E4B93830008C4AD /* Base */,
			);
			name = Main.storyboard;
			sourceTree = "<group>";
		};
		1F2C0CB81E4B93840008C4AD /* LaunchScreen.storyboard */ = {
			isa = PBXVariantGroup;
			children = (
				1F2C0CB91E4B93840008C4AD /* Base */,
			);
			name = LaunchScreen.storyboard;
			sourceTree = "<group>";
		};
/* End PBXVariantGroup section */

/* Begin XCBuildConfiguration section */
		1F2C0CBC1E4B93840008C4AD /* Debug */ = {
			isa = XCBuildConfiguration;
			buildSettings = {
				ALWAYS_SEARCH_USER_PATHS = NO;
				CLANG_ANALYZER_NONNULL = YES;
				CLANG_CXX_LANGUAGE_STANDARD = "gnu++0x";
				CLANG_CXX_LIBRARY = "libc++";
				CLANG_ENABLE_MODULES = YES;
				CLANG_ENABLE_OBJC_ARC = YES;
				CLANG_WARN_BOOL_CONVERSION = YES;
				CLANG_WARN_CONSTANT_CONVERSION = YES;
				CLANG_WARN_DIRECT_OBJC_ISA_USAGE = YES_ERROR;
				CLANG_WARN_DOCUMENTATION_COMMENTS = YES;
				CLANG_WARN_EMPTY_BODY = YES;
				CLANG_WARN_ENUM_CONVERSION = YES;
				CLANG_WARN_INFINITE_RECURSION = YES;
				CLANG_WARN_INT_CONVERSION = YES;
				CLANG_WARN_OBJC_ROOT_CLASS = YES_ERROR;
				CLANG_WARN_SUSPICIOUS_MOVE = YES;
				CLANG_WARN_UNREACHABLE_CODE = YES;
				CLANG_WARN__DUPLICATE_METHOD_MATCH = YES;
				"CODE_SIGN_IDENTITY[sdk=iphoneos*]" = "iPhone Developer";
				COPY_PHASE_STRIP = NO;
				DEBUG_INFORMATION_FORMAT = dwarf;
				ENABLE_STRICT_OBJC_MSGSEND = YES;
				ENABLE_TESTABILITY = YES;
				GCC_C_LANGUAGE_STANDARD = gnu99;
				GCC_DYNAMIC_NO_PIC = NO;
				GCC_NO_COMMON_BLOCKS = YES;
				GCC_OPTIMIZATION_LEVEL = 0;
				GCC_PREPROCESSOR_DEFINITIONS = (
					"DEBUG=1",
					"$(inherited)",
				);
				GCC_WARN_64_TO_32_BIT_CONVERSION = YES;
				GCC_WARN_ABOUT_RETURN_TYPE = YES_ERROR;
				GCC_WARN_UNDECLARED_SELECTOR = YES;
				GCC_WARN_UNINITIALIZED_AUTOS = YES_AGGRESSIVE;
				GCC_WARN_UNUSED_FUNCTION = YES;
				GCC_WARN_UNUSED_VARIABLE = YES;
				IPHONEOS_DEPLOYMENT_TARGET = 10.2;
				MTL_ENABLE_DEBUG_INFO = YES;
				ONLY_ACTIVE_ARCH = YES;
				SDKROOT = iphoneos;
				SWIFT_ACTIVE_COMPILATION_CONDITIONS = DEBUG;
				SWIFT_OPTIMIZATION_LEVEL = "-Onone";
			};
			name = Debug;
		};
		1F2C0CBD1E4B93840008C4AD /* Release */ = {
			isa = XCBuildConfiguration;
			buildSettings = {
				ALWAYS_SEARCH_USER_PATHS = NO;
				CLANG_ANALYZER_NONNULL = YES;
				CLANG_CXX_LANGUAGE_STANDARD = "gnu++0x";
				CLANG_CXX_LIBRARY = "libc++";
				CLANG_ENABLE_MODULES = YES;
				CLANG_ENABLE_OBJC_ARC = YES;
				CLANG_WARN_BOOL_CONVERSION = YES;
				CLANG_WARN_CONSTANT_CONVERSION = YES;
				CLANG_WARN_DIRECT_OBJC_ISA_USAGE = YES_ERROR;
				CLANG_WARN_DOCUMENTATION_COMMENTS = YES;
				CLANG_WARN_EMPTY_BODY = YES;
				CLANG_WARN_ENUM_CONVERSION = YES;
				CLANG_WARN_INFINITE_RECURSION = YES;
				CLANG_WARN_INT_CONVERSION = YES;
				CLANG_WARN_OBJC_ROOT_CLASS = YES_ERROR;
				CLANG_WARN_SUSPICIOUS_MOVE = YES;
				CLANG_WARN_UNREACHABLE_CODE = YES;
				CLANG_WARN__DUPLICATE_METHOD_MATCH = YES;
				"CODE_SIGN_IDENTITY[sdk=iphoneos*]" = "iPhone Developer";
				COPY_PHASE_STRIP = NO;
				DEBUG_INFORMATION_FORMAT = "dwarf-with-dsym";
				ENABLE_NS_ASSERTIONS = NO;
				ENABLE_STRICT_OBJC_MSGSEND = YES;
				GCC_C_LANGUAGE_STANDARD = gnu99;
				GCC_NO_COMMON_BLOCKS = YES;
				GCC_WARN_64_TO_32_BIT_CONVERSION = YES;
				GCC_WARN_ABOUT_RETURN_TYPE = YES_ERROR;
				GCC_WARN_UNDECLARED_SELECTOR = YES;
				GCC_WARN_UNINITIALIZED_AUTOS = YES_AGGRESSIVE;
				GCC_WARN_UNUSED_FUNCTION = YES;
				GCC_WARN_UNUSED_VARIABLE = YES;
				IPHONEOS_DEPLOYMENT_TARGET = 10.2;
				MTL_ENABLE_DEBUG_INFO = NO;
				SDKROOT = iphoneos;
				SWIFT_OPTIMIZATION_LEVEL = "-Owholemodule";
				VALIDATE_PRODUCT = YES;
			};
			name = Release;
		};
		1F2C0CBF1E4B93840008C4AD /* Debug */ = {
			isa = XCBuildConfiguration;
			buildSettings = {
				ASSETCATALOG_COMPILER_APPICON_NAME = AppIcon;
				INFOPLIST_FILE = "Pic-Key/Info.plist";
				LD_RUNPATH_SEARCH_PATHS = "$(inherited) @executable_path/Frameworks";
				PRODUCT_BUNDLE_IDENTIFIER = "com.SiddharthPatel.Pic-Key";
				PRODUCT_NAME = "$(TARGET_NAME)";
				SWIFT_VERSION = 3.0;
			};
			name = Debug;
		};
		1F2C0CC01E4B93840008C4AD /* Release */ = {
			isa = XCBuildConfiguration;
			buildSettings = {
				ASSETCATALOG_COMPILER_APPICON_NAME = AppIcon;
				INFOPLIST_FILE = "Pic-Key/Info.plist";
				LD_RUNPATH_SEARCH_PATHS = "$(inherited) @executable_path/Frameworks";
				PRODUCT_BUNDLE_IDENTIFIER = "com.SiddharthPatel.Pic-Key";
				PRODUCT_NAME = "$(TARGET_NAME)";
				SWIFT_VERSION = 3.0;
			};
			name = Release;
		};
/* End XCBuildConfiguration section */

/* Begin XCConfigurationList section */
		1F2C0CA71E4B93800008C4AD /* Build configuration list for PBXProject "Pic-Key" */ = {
			isa = XCConfigurationList;
			buildConfigurations = (
				1F2C0CBC1E4B93840008C4AD /* Debug */,
				1F2C0CBD1E4B93840008C4AD /* Release */,
			);
			defaultConfigurationIsVisible = 0;
			defaultConfigurationName = Release;
		};
		1F2C0CBE1E4B93840008C4AD /* Build configuration list for PBXNativeTarget "Pic-Key" */ = {
			isa = XCConfigurationList;
			buildConfigurations = (
				1F2C0CBF1E4B93840008C4AD /* Debug */,
				1F2C0CC01E4B93840008C4AD /* Release */,
			);
			defaultConfigurationIsVisible = 0;
		};
/* End XCConfigurationList section */
	};
	rootObject = 1F2C0CA41E4B93800008C4AD /* Project object */;
}
